# THIS IS AN AUTOGENERATED FILE. DO NOT EDIT THIS FILE DIRECTLY.
# yarn lockfile v1


ansi-escape-sequences@^2.2.2:
  version "2.2.2"
  resolved "https://registry.yarnpkg.com/ansi-escape-sequences/-/ansi-escape-sequences-2.2.2.tgz#174c78d6f8b7de75f8957ae81c7f72210c701635"
  dependencies:
    array-back "^1.0.2"
    collect-all "~0.2.1"

array-back@^1.0.2, array-back@^1.0.3, array-back@^1.0.4:
  version "1.0.4"
  resolved "https://registry.yarnpkg.com/array-back/-/array-back-1.0.4.tgz#644ba7f095f7ffcf7c43b5f0dc39d3c1f03c063b"
  dependencies:
    typical "^2.6.0"

bson@~0.4.23:
  version "0.4.23"
  resolved "https://registry.yarnpkg.com/bson/-/bson-0.4.23.tgz#e65a2e3c7507ffade4109bc7575a76e50f8da915"

collect-all@^1.0.2:
  version "1.0.3"
  resolved "https://registry.yarnpkg.com/collect-all/-/collect-all-1.0.3.tgz#1abcc20448b58a1447487fcf34130e9512b0acf8"
  dependencies:
    stream-connect "^1.0.2"
    stream-via "^1.0.4"

collect-all@~0.2.1:
  version "0.2.1"
  resolved "https://registry.yarnpkg.com/collect-all/-/collect-all-0.2.1.tgz#7225fb4585c22d4ffac886f0abaf5abc563a1a6a"
  dependencies:
    stream-connect "^1.0.1"
    stream-via "~0.1.0"
    typical "^2.3.0"

collect-json@^1.0.7, collect-json@^1.0.8:
  version "1.0.8"
  resolved "https://registry.yarnpkg.com/collect-json/-/collect-json-1.0.8.tgz#aa2fa52b4d1d9444ce690f07a1e3617ab74bb827"
  dependencies:
    collect-all "^1.0.2"
    stream-connect "^1.0.2"
    stream-via "^1.0.3"

column-layout@^2.1.1:
  version "2.1.4"
  resolved "https://registry.yarnpkg.com/column-layout/-/column-layout-2.1.4.tgz#ed2857092ccf8338026fe538379d9672d70b3641"
  dependencies:
    ansi-escape-sequences "^2.2.2"
    array-back "^1.0.3"
    collect-json "^1.0.8"
    command-line-args "^2.1.6"
    core-js "^2.4.0"
    deep-extend "~0.4.1"
    feature-detect-es6 "^1.2.0"
    object-tools "^2.0.6"
    typical "^2.4.2"
    wordwrapjs "^1.2.0"

command-line-args@^2.1.6, command-line-args@~2.1.4:
  version "2.1.6"
  resolved "https://registry.yarnpkg.com/command-line-args/-/command-line-args-2.1.6.tgz#f197d6eaff34c9085577484b2864375b294f5697"
  dependencies:
    array-back "^1.0.2"
    command-line-usage "^2"
    core-js "^2.0.1"
    feature-detect-es6 "^1.2.0"
    find-replace "^1"
    typical "^2.3.0"

command-line-usage@^2:
  version "2.0.5"
  resolved "https://registry.yarnpkg.com/command-line-usage/-/command-line-usage-2.0.5.tgz#f80c35ca5e8624841923ea3be3b9bfbf4f7be27b"
  dependencies:
    ansi-escape-sequences "^2.2.2"
    array-back "^1.0.3"
    column-layout "^2.1.1"
    feature-detect-es6 "^1.2.0"
    typical "^2.4.2"
    wordwrapjs "^1.2.0"

core-js@^2.0.1, core-js@^2.4.0:
  version "2.4.1"
  resolved "https://registry.yarnpkg.com/core-js/-/core-js-2.4.1.tgz#4de911e667b0eae9124e34254b53aea6fc618d3e"

core-util-is@~1.0.0:
  version "1.0.2"
  resolved "https://registry.yarnpkg.com/core-util-is/-/core-util-is-1.0.2.tgz#b5fd54220aa2bc5ab57aab7140c940754503c1a7"

deep-extend@~0.4.1:
  version "0.4.2"
  resolved "https://registry.yarnpkg.com/deep-extend/-/deep-extend-0.4.2.tgz#48b699c27e334bf89f10892be432f6e4c7d34a7f"

es6-promise@3.0.2:
  version "3.0.2"
  resolved "https://registry.yarnpkg.com/es6-promise/-/es6-promise-3.0.2.tgz#010d5858423a5f118979665f46486a95c6ee2bb6"

feature-detect-es6@^1.2.0:
  version "1.3.1"
  resolved "https://registry.yarnpkg.com/feature-detect-es6/-/feature-detect-es6-1.3.1.tgz#f888736af9cb0c91f55663bfa4762eb96ee7047f"
  dependencies:
    array-back "^1.0.3"

find-replace@^1:
  version "1.0.3"
  resolved "https://registry.yarnpkg.com/find-replace/-/find-replace-1.0.3.tgz#b88e7364d2d9c959559f388c66670d6130441fa0"
  dependencies:
    array-back "^1.0.4"
    test-value "^2.1.0"

inherits@~2.0.1:
  version "2.0.3"
  resolved "https://registry.yarnpkg.com/inherits/-/inherits-2.0.3.tgz#633c2c83e3da42a502f52466022480f4208261de"

isarray@0.0.1:
  version "0.0.1"
  resolved "https://registry.yarnpkg.com/isarray/-/isarray-0.0.1.tgz#8a18acfca9a8f4177e09abfc6038939b05d1eedf"

mongodb-core@1.3.21:
  version "1.3.21"
  resolved "https://registry.yarnpkg.com/mongodb-core/-/mongodb-core-1.3.21.tgz#fe129e7bee2b3b26c1409de02ab60d03f6291cca"
  dependencies:
    bson "~0.4.23"
    require_optional "~1.0.0"

mongodb@~2.1.3:
  version "2.1.21"
  resolved "https://registry.yarnpkg.com/mongodb/-/mongodb-2.1.21.tgz#764709dbcceb5825b4eb31f95395f965fd442272"
  dependencies:
    es6-promise "3.0.2"
    mongodb-core "1.3.21"
    readable-stream "1.0.31"

object-get@^2.0.2:
  version "2.1.0"
  resolved "https://registry.yarnpkg.com/object-get/-/object-get-2.1.0.tgz#722bbdb60039efa47cad3c6dc2ce51a85c02c5ae"

object-tools@^2.0.6:
  version "2.0.6"
  resolved "https://registry.yarnpkg.com/object-tools/-/object-tools-2.0.6.tgz#f3fe1c350cda4a6f5d99d9646dc4892a02476ddd"
  dependencies:
    array-back "^1.0.2"
    collect-json "^1.0.7"
    object-get "^2.0.2"
    test-value "^1.1.0"
    typical "^2.4.2"

readable-stream@1.0.31:
  version "1.0.31"
  resolved "https://registry.yarnpkg.com/readable-stream/-/readable-stream-1.0.31.tgz#8f2502e0bc9e3b0da1b94520aabb4e2603ecafae"
  dependencies:
    core-util-is "~1.0.0"
    inherits "~2.0.1"
    isarray "0.0.1"
    string_decoder "~0.10.x"

require_optional@~1.0.0:
  version "1.0.1"
  resolved "https://registry.yarnpkg.com/require_optional/-/require_optional-1.0.1.tgz#4cf35a4247f64ca3df8c2ef208cc494b1ca8fc2e"
  dependencies:
    resolve-from "^2.0.0"
    semver "^5.1.0"

resolve-from@^2.0.0:
  version "2.0.0"
  resolved "https://registry.yarnpkg.com/resolve-from/-/resolve-from-2.0.0.tgz#9480ab20e94ffa1d9e80a804c7ea147611966b57"

semver@^5.1.0:
  version "5.3.0"
  resolved "https://registry.yarnpkg.com/semver/-/semver-5.3.0.tgz#9b2ce5d3de02d17c6012ad326aa6b4d0cf54f94f"

stream-connect@^1.0.1, stream-connect@^1.0.2:
  version "1.0.2"
  resolved "https://registry.yarnpkg.com/stream-connect/-/stream-connect-1.0.2.tgz#18bc81f2edb35b8b5d9a8009200a985314428a97"
  dependencies:
    array-back "^1.0.2"

stream-via@^1.0.3, stream-via@^1.0.4:
  version "1.0.4"
  resolved "https://registry.yarnpkg.com/stream-via/-/stream-via-1.0.4.tgz#8dccbb0ac909328eb8bc8e2a4bd3934afdaf606c"

stream-via@~0.1.0:
  version "0.1.1"
  resolved "https://registry.yarnpkg.com/stream-via/-/stream-via-0.1.1.tgz#0cee5df9c959fb1d3f4eda4819f289d5f9205afc"

string_decoder@~0.10.x:
  version "0.10.31"
  resolved "https://registry.yarnpkg.com/string_decoder/-/string_decoder-0.10.31.tgz#62e203bc41766c6c28c9fc84301dab1c5310fa94"

test-value@^1.1.0:
  version "1.1.0"
  resolved "https://registry.yarnpkg.com/test-value/-/test-value-1.1.0.tgz#a09136f72ec043d27c893707c2b159bfad7de93f"
  dependencies:
    array-back "^1.0.2"
    typical "^2.4.2"

test-value@^2.1.0:
  version "2.1.0"
  resolved "https://registry.yarnpkg.com/test-value/-/test-value-2.1.0.tgz#11da6ff670f3471a73b625ca4f3fdcf7bb748291"
  dependencies:
    array-back "^1.0.3"
    typical "^2.6.0"

typical@^2.3.0, typical@^2.4.2, typical@^2.5.0, typical@^2.6.0:
  version "2.6.1"
  resolved "https://registry.yarnpkg.com/typical/-/typical-2.6.1.tgz#5c080e5d661cbbe38259d2e70a3c7253e873881d"

wordwrapjs@^1.2.0:
  version "1.2.1"
  resolved "https://registry.yarnpkg.com/wordwrapjs/-/wordwrapjs-1.2.1.tgz#754a5ea0664cfbff50540dc32d67bda3289fc34b"
  dependencies:
    array-back "^1.0.3"
    typical "^2.5.0"
